{
  "name": "gdut-nft",
  "lockfileVersion": 2,
  "requires": true,
  "packages": {
    "": {
      "dependencies": {
        "react-image-gallery": "^1.2.11"
      }
    },
    "node_modules/react-image-gallery": {
      "version": "1.2.11",
      "resolved": "https://registry.npmjs.org/react-image-gallery/-/react-image-gallery-1.2.11.tgz",
      "integrity": "sha512-YLMCdNSCf3YPhRmnjEOdEZGEXghTMx4o3dlAqd0rz0nAyebUvTz/xJnIHPActbPSHCvVJgt5A09EPHYbGqw++w==",
      "peerDependencies": {
        "react": "^16.0.0 || ^17.0.0 || ^18.0.0"
      }
    }
  },
  "dependencies": {
    "react-image-gallery": {
      "version": "1.2.11",
      "resolved": "https://registry.npmjs.org/react-image-gallery/-/react-image-gallery-1.2.11.tgz",
      "integrity": "sha512-YLMCdNSCf3YPhRmnjEOdEZGEXghTMx4o3dlAqd0rz0nAyebUvTz/xJnIHPActbPSHCvVJgt5A09EPHYbGqw++w=="
    }
  }
}
